
Microsoft Visual Studio Solution File, Format Version 12.00
# Visual Studio Version 16
VisualStudioVersion = 16.0.28803.452
MinimumVisualStudioVersion = 10.0.40219.1
Project("{FAE04EC0-301F-11D3-BF4B-00C04F79EFBC}") = "IssuesTrackingSystem", "IssuesTrackingSystem\IssuesTrackingSystem.csproj", "{5D2188CE-0D11-4C2E-AC72-73A31979C620}"
EndProject
Global
	GlobalSection(SolutionConfigurationPlatforms) = preSolution
		Debug|Any CPU = Debug|Any CPU
		Release|Any CPU = Release|Any CPU
	EndGlobalSection
	GlobalSection(ProjectConfigurationPlatforms) = postSolution
		{5D2188CE-0D11-4C2E-AC72-73A31979C620}.Debug|Any CPU.ActiveCfg = Debug|Any CPU
		{5D2188CE-0D11-4C2E-AC72-73A31979C620}.Debug|Any CPU.Build.0 = Debug|Any CPU
		{5D2188CE-0D11-4C2E-AC72-73A31979C620}.Release|Any CPU.ActiveCfg = Release|Any CPU
		{5D2188CE-0D11-4C2E-AC72-73A31979C620}.Release|Any CPU.Build.0 = Release|Any CPU
	EndGlobalSection
	GlobalSection(SolutionProperties) = preSolution
		HideSolutionNode = FALSE
	EndGlobalSection
	GlobalSection(ExtensibilityGlobals) = postSolution
		SolutionGuid = {884CE957-691C-42A7-A31F-52C4D0A13B0A}
	EndGlobalSection
EndGlobal
